{
  "name": "indiejobs",
  "version": "0.0.1",
  "lockfileVersion": 1,
  "dependencies": {
    "@types/body-parser": {
      "version": "1.16.4",
      "resolved": "https://registry.npmjs.org/@types/body-parser/-/body-parser-1.16.4.tgz",
      "integrity": "sha512-y8GxleWZ4ep0GG9IFMg+HpZWqLPjAjqc65cAopXPAWONWGCWGT0FCPVlXbUEBOPWpYtFrvlp2D7EJJnrqLUnEQ==",
      "dev": true
    },
    "@types/chai": {
      "version": "4.0.1",
      "resolved": "https://registry.npmjs.org/@types/chai/-/chai-4.0.1.tgz",
      "integrity": "sha512-DWrdkraJO+KvBB7+Jc6AuDd2+fwV6Z9iK8cqEEoYpcurYrH7GiUZmwjFuQIIWj5HhFz6NsSxdN72YMIHT7Fy2Q==",
      "dev": true
    },
    "@types/express": {
      "version": "4.0.36",
      "resolved": "https://registry.npmjs.org/@types/express/-/express-4.0.36.tgz",
      "integrity": "sha512-bT9q2eqH/E72AGBQKT50dh6AXzheTqigGZ1GwDiwmx7vfHff0bZOrvUWjvGpNWPNkRmX1vDF6wonG6rlpBHb1A==",
      "dev": true
    },
    "@types/express-serve-static-core": {
      "version": "4.0.48",
      "resolved": "https://registry.npmjs.org/@types/express-serve-static-core/-/express-serve-static-core-4.0.48.tgz",
      "integrity": "sha512-+W+fHO/hUI6JX36H8FlgdMHU3Dk4a/Fn08fW5qdd7MjPP/wJlzq9fkCrgaH0gES8vohVeqwefHwPa4ylVKyYIg==",
      "dev": true
    },
    "@types/history": {
      "version": "4.6.0",
      "resolved": "https://registry.npmjs.org/@types/history/-/history-4.6.0.tgz",
      "integrity": "sha512-2A0stT6b61DANLErAfSkeQ77N+A3FbR7ardUJUP3xm9f4W8qtG9ispBYDUX42Fl1EbR0rqSV3IWjbB6ew7hXRw==",
      "dev": true
    },
    "@types/mime": {
      "version": "1.3.1",
      "resolved": "https://registry.npmjs.org/@types/mime/-/mime-1.3.1.tgz",
      "integrity": "sha512-rek8twk9C58gHYqIrUlJsx8NQMhlxqHzln9Z9ODqiNgv3/s+ZwIrfr+djqzsnVM12xe9hL98iJ20lj2RvCBv6A==",
      "dev": true
    },
    "@types/node": {
      "version": "8.0.2",
      "resolved": "https://registry.npmjs.org/@types/node/-/node-8.0.2.tgz",
      "integrity": "sha512-1uANgw7TMKnSSO0jffiFnrcMsKVqK3n1IHiSwSgptsRzgLfTCu0QdxZPofyYKVA2U0vH4OmullQ2IiU/XhFp5w==",
      "dev": true
    },
    "@types/react": {
      "version": "15.0.31",
      "resolved": "https://registry.npmjs.org/@types/react/-/react-15.0.31.tgz",
      "integrity": "sha512-SCeEnC+1K3ZftVjBJMXmKkoCbC4VsDUL4q0HyvnYj6FqiVvg+Klambc8FhroRyGCi6zb5V21F+41DXyio5rpdA==",
      "dev": true
    },
    "@types/react-dom": {
      "version": "15.5.1",
      "resolved": "https://registry.npmjs.org/@types/react-dom/-/react-dom-15.5.1.tgz",
      "integrity": "sha512-4c+e/QPfvSa48YhgGOcQWoHishTo6BuJqka0Bh8qeLdnK1jS+1Nz8W/w1G17AIjtLxONYFUqmi8qyt+8p/yMFA==",
      "dev": true
    },
    "@types/react-redux": {
      "version": "4.4.45",
      "resolved": "https://registry.npmjs.org/@types/react-redux/-/react-redux-4.4.45.tgz",
      "integrity": "sha512-bPM6BJucVy9Y0JCf9PCEC5zwmqnTx9+YGILNVwhGmIrkVrOXoJaEuVurncTH7llV+bxjlZVcW/RLxQtDvAHcQw==",
      "dev": true,
      "dependencies": {
        "redux": {
          "version": "3.7.0",
          "resolved": "https://registry.npmjs.org/redux/-/redux-3.7.0.tgz",
          "integrity": "sha512-GHjaOkEQtQnnuLoYPFkRKHIqs1i1tdTlisu/xUHfk2juzCobSy4STxs4Lz5bPkc07Owb6BeGKx/r76c9IVTkOw==",
          "dev": true
        }
      }
    },
    "@types/react-router": {
      "version": "4.0.12",
      "resolved": "https://registry.npmjs.org/@types/react-router/-/react-router-4.0.12.tgz",
      "integrity": "sha512-vlZXTicPMGn6nqiCTfK3Qg6ix0CFHClBSQgwWvtvmlwqildfPfBpY9aPQEki/w/rrMLzAApaAUaXzt5/W+1CKQ==",
      "dev": true
    },
    "@types/react-router-dom": {
      "version": "4.0.5",
      "resolved": "https://registry.npmjs.org/@types/react-router-dom/-/react-router-dom-4.0.5.tgz",
      "integrity": "sha512-0AHAokPyW7L7M+brcaMTnFewce0tCaqG+C4KtUyizlk5tBToBEZ/bpjMDL5hbQ96Nc/wl5Ri8DJBijUmf82fdQ==",
      "dev": true
    },
    "@types/serve-static": {
      "version": "1.7.31",
      "resolved": "https://registry.npmjs.org/@types/serve-static/-/serve-static-1.7.31.tgz",
      "integrity": "sha1-FUVt6NmNa0z/Mb5savdJKuY/Uho=",
      "dev": true
    },
    "js-tokens": {
      "version": "3.0.1",
      "resolved": "https://registry.npmjs.org/js-tokens/-/js-tokens-3.0.1.tgz",
      "integrity": "sha1-COnxMkhKLEWjCQfp3E1VZ7fxFNc=",
      "dev": true
    },
    "lodash": {
      "version": "4.17.4",
      "resolved": "https://registry.npmjs.org/lodash/-/lodash-4.17.4.tgz",
      "integrity": "sha1-eCA6TRwyiuHYbcpkYONptX9AVa4=",
      "dev": true
    },
    "lodash-es": {
      "version": "4.17.4",
      "resolved": "https://registry.npmjs.org/lodash-es/-/lodash-es-4.17.4.tgz",
      "integrity": "sha1-3MHXVS4VCgZABzupyzHXDwMpUOc=",
      "dev": true
    },
    "loose-envify": {
      "version": "1.3.1",
      "resolved": "https://registry.npmjs.org/loose-envify/-/loose-envify-1.3.1.tgz",
      "integrity": "sha1-0aitM/qc4OcT1l/dCsi3SNR4yEg=",
      "dev": true
    },
    "symbol-observable": {
      "version": "1.0.4",
      "resolved": "https://registry.npmjs.org/symbol-observable/-/symbol-observable-1.0.4.tgz",
      "integrity": "sha1-Kb9hXUqnEhvdiYsi1LP5vE4qoD0=",
      "dev": true
    }
  }
}
